// !$*UTF8*$!
{
	archiveVersion = 1;
	classes = {
	};
	objectVersion = 46;
	objects = {

/* Begin PBXBuildFile section */
		5B0BE4AF1D4FFB50008DBD6C /* Mine.swift in Sources */ = {isa = PBXBuildFile; fileRef = 5B0BE4AE1D4FFB50008DBD6C /* Mine.swift */; };
		5B0CD1B01D51778C00DDBA17 /* Projectiles.swift in Sources */ = {isa = PBXBuildFile; fileRef = 5B0CD1AF1D51778C00DDBA17 /* Projectiles.swift */; };
		5B0F8C561D5E66B700D0C867 /* SpritePattern.swift in Sources */ = {isa = PBXBuildFile; fileRef = 5B0F8C551D5E66B700D0C867 /* SpritePattern.swift */; };
		5B1C9A871D62757A0079EFF5 /* Spawner.swift in Sources */ = {isa = PBXBuildFile; fileRef = 5B1C9A861D62757A0079EFF5 /* Spawner.swift */; };
		5B1C9A891D62772B0079EFF5 /* BasicJet.swift in Sources */ = {isa = PBXBuildFile; fileRef = 5B1C9A881D62772B0079EFF5 /* BasicJet.swift */; };
		5B32A2791D3C45A9008389C5 /* Stats.swift in Sources */ = {isa = PBXBuildFile; fileRef = 5B32A2781D3C45A9008389C5 /* Stats.swift */; };
		5B32A27B1D3C46BA008389C5 /* Player.swift in Sources */ = {isa = PBXBuildFile; fileRef = 5B32A27A1D3C46BA008389C5 /* Player.swift */; };
		5B32A27D1D3C46DB008389C5 /* Weapon.swift in Sources */ = {isa = PBXBuildFile; fileRef = 5B32A27C1D3C46DB008389C5 /* Weapon.swift */; };
		5B32A27F1D3C4700008389C5 /* Protocols.swift in Sources */ = {isa = PBXBuildFile; fileRef = 5B32A27E1D3C4700008389C5 /* Protocols.swift */; };
		5B32A2811D3C4727008389C5 /* Enemies.swift in Sources */ = {isa = PBXBuildFile; fileRef = 5B32A2801D3C4727008389C5 /* Enemies.swift */; };
		5B57480A1D4C022F005EB35D /* Minion.swift in Sources */ = {isa = PBXBuildFile; fileRef = 5B5748091D4C022F005EB35D /* Minion.swift */; };
		5B57480C1D4C0254005EB35D /* Textures.swift in Sources */ = {isa = PBXBuildFile; fileRef = 5B57480B1D4C0254005EB35D /* Textures.swift */; };
		5B57480E1D4C0BD0005EB35D /* Extensions.swift in Sources */ = {isa = PBXBuildFile; fileRef = 5B57480D1D4C0BD0005EB35D /* Extensions.swift */; };
		5B6528311D50643200AE2189 /* Destructable.swift in Sources */ = {isa = PBXBuildFile; fileRef = 5B6528301D50643200AE2189 /* Destructable.swift */; };
		5B6528331D5065DA00AE2189 /* WeaponType.swift in Sources */ = {isa = PBXBuildFile; fileRef = 5B6528321D5065DA00AE2189 /* WeaponType.swift */; };
		5B6528351D510F9700AE2189 /* Attacker.swift in Sources */ = {isa = PBXBuildFile; fileRef = 5B6528341D510F9700AE2189 /* Attacker.swift */; };
		5B857D3C1D36F666008DE265 /* AppDelegate.swift in Sources */ = {isa = PBXBuildFile; fileRef = 5B857D3B1D36F666008DE265 /* AppDelegate.swift */; };
		5B857D3E1D36F666008DE265 /* GameScene.sks in Resources */ = {isa = PBXBuildFile; fileRef = 5B857D3D1D36F666008DE265 /* GameScene.sks */; };
		5B857D401D36F666008DE265 /* GameScene.swift in Sources */ = {isa = PBXBuildFile; fileRef = 5B857D3F1D36F666008DE265 /* GameScene.swift */; };
		5B857D421D36F666008DE265 /* GameViewController.swift in Sources */ = {isa = PBXBuildFile; fileRef = 5B857D411D36F666008DE265 /* GameViewController.swift */; };
		5B857D451D36F666008DE265 /* Main.storyboard in Resources */ = {isa = PBXBuildFile; fileRef = 5B857D431D36F666008DE265 /* Main.storyboard */; };
		5B857D471D36F666008DE265 /* Assets.xcassets in Resources */ = {isa = PBXBuildFile; fileRef = 5B857D461D36F666008DE265 /* Assets.xcassets */; };
		5B857D4A1D36F666008DE265 /* LaunchScreen.storyboard in Resources */ = {isa = PBXBuildFile; fileRef = 5B857D481D36F666008DE265 /* LaunchScreen.storyboard */; };
		5B857D551D36F666008DE265 /* SpaceGameDeluxeTests.swift in Sources */ = {isa = PBXBuildFile; fileRef = 5B857D541D36F666008DE265 /* SpaceGameDeluxeTests.swift */; };
		5B857D601D36F666008DE265 /* SpaceGameDeluxeUITests.swift in Sources */ = {isa = PBXBuildFile; fileRef = 5B857D5F1D36F666008DE265 /* SpaceGameDeluxeUITests.swift */; };
		5BA5AF1A1D4E6F8A00192CFE /* Behavior.swift in Sources */ = {isa = PBXBuildFile; fileRef = 5BA5AF191D4E6F8A00192CFE /* Behavior.swift */; };
		5BA5AF1C1D4EA1A000192CFE /* ScenePatterns.swift in Sources */ = {isa = PBXBuildFile; fileRef = 5BA5AF1B1D4EA1A000192CFE /* ScenePatterns.swift */; };
		5BA5AF201D4EBA1000192CFE /* SpawnPoint.swift in Sources */ = {isa = PBXBuildFile; fileRef = 5BA5AF1F1D4EBA1000192CFE /* SpawnPoint.swift */; };
		5BA7578B1D5947A20014BD82 /* ContactHandler.swift in Sources */ = {isa = PBXBuildFile; fileRef = 5BA7578A1D5947A20014BD82 /* ContactHandler.swift */; };
		5BA7578E1D596F030014BD82 /* PhysicsBoundary.swift in Sources */ = {isa = PBXBuildFile; fileRef = 5BA7578D1D596F030014BD82 /* PhysicsBoundary.swift */; };
		5BB457511D5E90C40008E82F /* SceneComponent.swift in Sources */ = {isa = PBXBuildFile; fileRef = 5BB457501D5E90C40008E82F /* SceneComponent.swift */; };
		5BB936B21D568D5D0015CFE6 /* FiringPattern.swift in Sources */ = {isa = PBXBuildFile; fileRef = 5BB936B11D568D5D0015CFE6 /* FiringPattern.swift */; };
		5BB936B41D568E430015CFE6 /* PlayerWeapons.swift in Sources */ = {isa = PBXBuildFile; fileRef = 5BB936B31D568E430015CFE6 /* PlayerWeapons.swift */; };
		5BBA80771D57CA5A00CD51CD /* EnemyWeapons.swift in Sources */ = {isa = PBXBuildFile; fileRef = 5BBA80761D57CA5A00CD51CD /* EnemyWeapons.swift */; };
		5BBA80791D57CA6300CD51CD /* PlayerWeapon.swift in Sources */ = {isa = PBXBuildFile; fileRef = 5BBA80781D57CA6300CD51CD /* PlayerWeapon.swift */; };
		5BD2FA661D52A029001DF146 /* playground.swift in Sources */ = {isa = PBXBuildFile; fileRef = 5BD2FA651D52A029001DF146 /* playground.swift */; };
		5BD524AB1D4D616B00D749C3 /* MinionGun.swift in Sources */ = {isa = PBXBuildFile; fileRef = 5BD524AA1D4D616B00D749C3 /* MinionGun.swift */; };
		5BDCDAF61D40209800DF7DFF /* Timer.swift in Sources */ = {isa = PBXBuildFile; fileRef = 5BDCDAF51D40209800DF7DFF /* Timer.swift */; };
		5BDCDAF81D402D1D00DF7DFF /* RandomNumbers.swift in Sources */ = {isa = PBXBuildFile; fileRef = 5BDCDAF71D402D1D00DF7DFF /* RandomNumbers.swift */; };
		5BF4B1EC1D452B27005C4BBD /* Layers.swift in Sources */ = {isa = PBXBuildFile; fileRef = 5BF4B1EB1D452B27005C4BBD /* Layers.swift */; };
/* End PBXBuildFile section */

/* Begin PBXContainerItemProxy section */
		5B857D511D36F666008DE265 /* PBXContainerItemProxy */ = {
			isa = PBXContainerItemProxy;
			containerPortal = 5B857D301D36F666008DE265 /* Project object */;
			proxyType = 1;
			remoteGlobalIDString = 5B857D371D36F666008DE265;
			remoteInfo = SpaceGameDeluxe;
		};
		5B857D5C1D36F666008DE265 /* PBXContainerItemProxy */ = {
			isa = PBXContainerItemProxy;
			containerPortal = 5B857D301D36F666008DE265 /* Project object */;
			proxyType = 1;
			remoteGlobalIDString = 5B857D371D36F666008DE265;
			remoteInfo = SpaceGameDeluxe;
		};
/* End PBXContainerItemProxy section */

/* Begin PBXFileReference section */
		5B0BE4AE1D4FFB50008DBD6C /* Mine.swift */ = {isa = PBXFileReference; fileEncoding = 4; lastKnownFileType = sourcecode.swift; lineEnding = 0; path = Mine.swift; sourceTree = "<group>"; xcLanguageSpecificationIdentifier = xcode.lang.swift; };
		5B0CD1AF1D51778C00DDBA17 /* Projectiles.swift */ = {isa = PBXFileReference; fileEncoding = 4; lastKnownFileType = sourcecode.swift; path = Projectiles.swift; sourceTree = "<group>"; };
		5B0F8C551D5E66B700D0C867 /* SpritePattern.swift */ = {isa = PBXFileReference; fileEncoding = 4; lastKnownFileType = sourcecode.swift; path = SpritePattern.swift; sourceTree = "<group>"; };
		5B1C9A861D62757A0079EFF5 /* Spawner.swift */ = {isa = PBXFileReference; fileEncoding = 4; lastKnownFileType = sourcecode.swift; path = Spawner.swift; sourceTree = "<group>"; };
		5B1C9A881D62772B0079EFF5 /* BasicJet.swift */ = {isa = PBXFileReference; fileEncoding = 4; lastKnownFileType = sourcecode.swift; path = BasicJet.swift; sourceTree = "<group>"; };
		5B32A2781D3C45A9008389C5 /* Stats.swift */ = {isa = PBXFileReference; fileEncoding = 4; lastKnownFileType = sourcecode.swift; path = Stats.swift; sourceTree = "<group>"; };
		5B32A27A1D3C46BA008389C5 /* Player.swift */ = {isa = PBXFileReference; fileEncoding = 4; lastKnownFileType = sourcecode.swift; path = Player.swift; sourceTree = "<group>"; };
		5B32A27C1D3C46DB008389C5 /* Weapon.swift */ = {isa = PBXFileReference; fileEncoding = 4; lastKnownFileType = sourcecode.swift; path = Weapon.swift; sourceTree = "<group>"; };
		5B32A27E1D3C4700008389C5 /* Protocols.swift */ = {isa = PBXFileReference; fileEncoding = 4; lastKnownFileType = sourcecode.swift; path = Protocols.swift; sourceTree = "<group>"; };
		5B32A2801D3C4727008389C5 /* Enemies.swift */ = {isa = PBXFileReference; fileEncoding = 4; lastKnownFileType = sourcecode.swift; lineEnding = 0; path = Enemies.swift; sourceTree = "<group>"; xcLanguageSpecificationIdentifier = xcode.lang.swift; };
		5B5748091D4C022F005EB35D /* Minion.swift */ = {isa = PBXFileReference; fileEncoding = 4; lastKnownFileType = sourcecode.swift; lineEnding = 0; path = Minion.swift; sourceTree = "<group>"; xcLanguageSpecificationIdentifier = xcode.lang.swift; };
		5B57480B1D4C0254005EB35D /* Textures.swift */ = {isa = PBXFileReference; fileEncoding = 4; lastKnownFileType = sourcecode.swift; lineEnding = 0; path = Textures.swift; sourceTree = "<group>"; xcLanguageSpecificationIdentifier = xcode.lang.swift; };
		5B57480D1D4C0BD0005EB35D /* Extensions.swift */ = {isa = PBXFileReference; fileEncoding = 4; lastKnownFileType = sourcecode.swift; path = Extensions.swift; sourceTree = "<group>"; };
		5B6528301D50643200AE2189 /* Destructable.swift */ = {isa = PBXFileReference; fileEncoding = 4; lastKnownFileType = sourcecode.swift; path = Destructable.swift; sourceTree = "<group>"; };
		5B6528321D5065DA00AE2189 /* WeaponType.swift */ = {isa = PBXFileReference; fileEncoding = 4; lastKnownFileType = sourcecode.swift; path = WeaponType.swift; sourceTree = "<group>"; };
		5B6528341D510F9700AE2189 /* Attacker.swift */ = {isa = PBXFileReference; fileEncoding = 4; lastKnownFileType = sourcecode.swift; path = Attacker.swift; sourceTree = "<group>"; };
		5B857D381D36F666008DE265 /* SpaceGameDeluxe.app */ = {isa = PBXFileReference; explicitFileType = wrapper.application; includeInIndex = 0; path = SpaceGameDeluxe.app; sourceTree = BUILT_PRODUCTS_DIR; };
		5B857D3B1D36F666008DE265 /* AppDelegate.swift */ = {isa = PBXFileReference; lastKnownFileType = sourcecode.swift; path = AppDelegate.swift; sourceTree = "<group>"; };
		5B857D3D1D36F666008DE265 /* GameScene.sks */ = {isa = PBXFileReference; lastKnownFileType = file.sks; path = GameScene.sks; sourceTree = "<group>"; };
		5B857D3F1D36F666008DE265 /* GameScene.swift */ = {isa = PBXFileReference; lastKnownFileType = sourcecode.swift; path = GameScene.swift; sourceTree = "<group>"; };
		5B857D411D36F666008DE265 /* GameViewController.swift */ = {isa = PBXFileReference; lastKnownFileType = sourcecode.swift; path = GameViewController.swift; sourceTree = "<group>"; };
		5B857D441D36F666008DE265 /* Base */ = {isa = PBXFileReference; lastKnownFileType = file.storyboard; name = Base; path = Base.lproj/Main.storyboard; sourceTree = "<group>"; };
		5B857D461D36F666008DE265 /* Assets.xcassets */ = {isa = PBXFileReference; lastKnownFileType = folder.assetcatalog; path = Assets.xcassets; sourceTree = "<group>"; };
		5B857D491D36F666008DE265 /* Base */ = {isa = PBXFileReference; lastKnownFileType = file.storyboard; name = Base; path = Base.lproj/LaunchScreen.storyboard; sourceTree = "<group>"; };
		5B857D4B1D36F666008DE265 /* Info.plist */ = {isa = PBXFileReference; lastKnownFileType = text.plist.xml; path = Info.plist; sourceTree = "<group>"; };
		5B857D501D36F666008DE265 /* SpaceGameDeluxeTests.xctest */ = {isa = PBXFileReference; explicitFileType = wrapper.cfbundle; includeInIndex = 0; path = SpaceGameDeluxeTests.xctest; sourceTree = BUILT_PRODUCTS_DIR; };
		5B857D541D36F666008DE265 /* SpaceGameDeluxeTests.swift */ = {isa = PBXFileReference; lastKnownFileType = sourcecode.swift; path = SpaceGameDeluxeTests.swift; sourceTree = "<group>"; };
		5B857D561D36F666008DE265 /* Info.plist */ = {isa = PBXFileReference; lastKnownFileType = text.plist.xml; path = Info.plist; sourceTree = "<group>"; };
		5B857D5B1D36F666008DE265 /* SpaceGameDeluxeUITests.xctest */ = {isa = PBXFileReference; explicitFileType = wrapper.cfbundle; includeInIndex = 0; path = SpaceGameDeluxeUITests.xctest; sourceTree = BUILT_PRODUCTS_DIR; };
		5B857D5F1D36F666008DE265 /* SpaceGameDeluxeUITests.swift */ = {isa = PBXFileReference; lastKnownFileType = sourcecode.swift; path = SpaceGameDeluxeUITests.swift; sourceTree = "<group>"; };
		5B857D611D36F666008DE265 /* Info.plist */ = {isa = PBXFileReference; lastKnownFileType = text.plist.xml; path = Info.plist; sourceTree = "<group>"; };
		5BA5AF191D4E6F8A00192CFE /* Behavior.swift */ = {isa = PBXFileReference; fileEncoding = 4; lastKnownFileType = sourcecode.swift; path = Behavior.swift; sourceTree = "<group>"; };
		5BA5AF1B1D4EA1A000192CFE /* ScenePatterns.swift */ = {isa = PBXFileReference; fileEncoding = 4; lastKnownFileType = sourcecode.swift; path = ScenePatterns.swift; sourceTree = "<group>"; };
		5BA5AF1F1D4EBA1000192CFE /* SpawnPoint.swift */ = {isa = PBXFileReference; fileEncoding = 4; lastKnownFileType = sourcecode.swift; path = SpawnPoint.swift; sourceTree = "<group>"; };
		5BA7578A1D5947A20014BD82 /* ContactHandler.swift */ = {isa = PBXFileReference; fileEncoding = 4; lastKnownFileType = sourcecode.swift; path = ContactHandler.swift; sourceTree = "<group>"; };
		5BA7578D1D596F030014BD82 /* PhysicsBoundary.swift */ = {isa = PBXFileReference; fileEncoding = 4; lastKnownFileType = sourcecode.swift; path = PhysicsBoundary.swift; sourceTree = "<group>"; };
		5BB457501D5E90C40008E82F /* SceneComponent.swift */ = {isa = PBXFileReference; fileEncoding = 4; lastKnownFileType = sourcecode.swift; path = SceneComponent.swift; sourceTree = "<group>"; };
		5BB936B11D568D5D0015CFE6 /* FiringPattern.swift */ = {isa = PBXFileReference; fileEncoding = 4; lastKnownFileType = sourcecode.swift; path = FiringPattern.swift; sourceTree = "<group>"; };
		5BB936B31D568E430015CFE6 /* PlayerWeapons.swift */ = {isa = PBXFileReference; fileEncoding = 4; lastKnownFileType = sourcecode.swift; path = PlayerWeapons.swift; sourceTree = "<group>"; };
		5BBA80761D57CA5A00CD51CD /* EnemyWeapons.swift */ = {isa = PBXFileReference; fileEncoding = 4; lastKnownFileType = sourcecode.swift; path = EnemyWeapons.swift; sourceTree = "<group>"; };
		5BBA80781D57CA6300CD51CD /* PlayerWeapon.swift */ = {isa = PBXFileReference; fileEncoding = 4; lastKnownFileType = sourcecode.swift; path = PlayerWeapon.swift; sourceTree = "<group>"; };
		5BD2FA651D52A029001DF146 /* playground.swift */ = {isa = PBXFileReference; fileEncoding = 4; lastKnownFileType = sourcecode.swift; path = playground.swift; sourceTree = "<group>"; };
		5BD524AA1D4D616B00D749C3 /* MinionGun.swift */ = {isa = PBXFileReference; fileEncoding = 4; lastKnownFileType = sourcecode.swift; path = MinionGun.swift; sourceTree = "<group>"; };
		5BDCDAF51D40209800DF7DFF /* Timer.swift */ = {isa = PBXFileReference; fileEncoding = 4; lastKnownFileType = sourcecode.swift; path = Timer.swift; sourceTree = "<group>"; };
		5BDCDAF71D402D1D00DF7DFF /* RandomNumbers.swift */ = {isa = PBXFileReference; fileEncoding = 4; lastKnownFileType = sourcecode.swift; path = RandomNumbers.swift; sourceTree = "<group>"; };
		5BF4B1EB1D452B27005C4BBD /* Layers.swift */ = {isa = PBXFileReference; fileEncoding = 4; lastKnownFileType = sourcecode.swift; path = Layers.swift; sourceTree = "<group>"; };
/* End PBXFileReference section */

/* Begin PBXFrameworksBuildPhase section */
		5B857D351D36F666008DE265 /* Frameworks */ = {
			isa = PBXFrameworksBuildPhase;
			buildActionMask = 2147483647;
			files = (
			);
			runOnlyForDeploymentPostprocessing = 0;
		};
		5B857D4D1D36F666008DE265 /* Frameworks */ = {
			isa = PBXFrameworksBuildPhase;
			buildActionMask = 2147483647;
			files = (
			);
			runOnlyForDeploymentPostprocessing = 0;
		};
		5B857D581D36F666008DE265 /* Frameworks */ = {
			isa = PBXFrameworksBuildPhase;
			buildActionMask = 2147483647;
			files = (
			);
			runOnlyForDeploymentPostprocessing = 0;
		};
/* End PBXFrameworksBuildPhase section */

/* Begin PBXGroup section */
		5B5748081D4C021E005EB35D /* Enemies */ = {
			isa = PBXGroup;
			children = (
				5B32A2801D3C4727008389C5 /* Enemies.swift */,
				5B5748091D4C022F005EB35D /* Minion.swift */,
				5B0BE4AE1D4FFB50008DBD6C /* Mine.swift */,
				5B1C9A881D62772B0079EFF5 /* BasicJet.swift */,
			);
			name = Enemies;
			sourceTree = "<group>";
		};
		5B65282D1D5063D700AE2189 /* Protocols */ = {
			isa = PBXGroup;
			children = (
				5B32A27E1D3C4700008389C5 /* Protocols.swift */,
				5B6528301D50643200AE2189 /* Destructable.swift */,
				5B6528341D510F9700AE2189 /* Attacker.swift */,
			);
			name = Protocols;
			sourceTree = "<group>";
		};
		5B857D2F1D36F666008DE265 = {
			isa = PBXGroup;
			children = (
				5B857D3A1D36F666008DE265 /* SpaceGameDeluxe */,
				5B857D531D36F666008DE265 /* SpaceGameDeluxeTests */,
				5B857D5E1D36F666008DE265 /* SpaceGameDeluxeUITests */,
				5B857D391D36F666008DE265 /* Products */,
			);
			sourceTree = "<group>";
		};
		5B857D391D36F666008DE265 /* Products */ = {
			isa = PBXGroup;
			children = (
				5B857D381D36F666008DE265 /* SpaceGameDeluxe.app */,
				5B857D501D36F666008DE265 /* SpaceGameDeluxeTests.xctest */,
				5B857D5B1D36F666008DE265 /* SpaceGameDeluxeUITests.xctest */,
			);
			name = Products;
			sourceTree = "<group>";
		};
		5B857D3A1D36F666008DE265 /* SpaceGameDeluxe */ = {
			isa = PBXGroup;
			children = (
				5BDCDAF51D40209800DF7DFF /* Timer.swift */,
				5BDCDAF71D402D1D00DF7DFF /* RandomNumbers.swift */,
				5B32A2781D3C45A9008389C5 /* Stats.swift */,
				5B857D411D36F666008DE265 /* GameViewController.swift */,
				5BA5AF181D4E6F7600192CFE /* Behavior */,
				5B5748081D4C021E005EB35D /* Enemies */,
				5BD524A91D4D615E00D749C3 /* Weapons */,
				5B65282D1D5063D700AE2189 /* Protocols */,
				5BF4B1EF1D452B94005C4BBD /* Scenes */,
				5BF4B1ED1D452B37005C4BBD /* Models */,
				5BF4B1EE1D452B6B005C4BBD /* Supporting */,
				5BD2FA651D52A029001DF146 /* playground.swift */,
			);
			path = SpaceGameDeluxe;
			sourceTree = "<group>";
		};
		5B857D531D36F666008DE265 /* SpaceGameDeluxeTests */ = {
			isa = PBXGroup;
			children = (
				5B857D541D36F666008DE265 /* SpaceGameDeluxeTests.swift */,
				5B857D561D36F666008DE265 /* Info.plist */,
			);
			path = SpaceGameDeluxeTests;
			sourceTree = "<group>";
		};
		5B857D5E1D36F666008DE265 /* SpaceGameDeluxeUITests */ = {
			isa = PBXGroup;
			children = (
				5B857D5F1D36F666008DE265 /* SpaceGameDeluxeUITests.swift */,
				5B857D611D36F666008DE265 /* Info.plist */,
			);
			path = SpaceGameDeluxeUITests;
			sourceTree = "<group>";
		};
		5BA5AF181D4E6F7600192CFE /* Behavior */ = {
			isa = PBXGroup;
			children = (
				5BA5AF191D4E6F8A00192CFE /* Behavior.swift */,
				5BA5AF1B1D4EA1A000192CFE /* ScenePatterns.swift */,
				5B0F8C551D5E66B700D0C867 /* SpritePattern.swift */,
				5BB457501D5E90C40008E82F /* SceneComponent.swift */,
			);
			name = Behavior;
			sourceTree = "<group>";
		};
		5BA7578C1D596EF50014BD82 /* GameScene */ = {
			isa = PBXGroup;
			children = (
				5B57480D1D4C0BD0005EB35D /* Extensions.swift */,
				5B857D3F1D36F666008DE265 /* GameScene.swift */,
				5BA7578D1D596F030014BD82 /* PhysicsBoundary.swift */,
			);
			name = GameScene;
			sourceTree = "<group>";
		};
		5BBA807A1D57CA9200CD51CD /* Weapon Components */ = {
			isa = PBXGroup;
			children = (
				5B32A27C1D3C46DB008389C5 /* Weapon.swift */,
				5BB936B11D568D5D0015CFE6 /* FiringPattern.swift */,
				5B0CD1AF1D51778C00DDBA17 /* Projectiles.swift */,
				5B6528321D5065DA00AE2189 /* WeaponType.swift */,
			);
			name = "Weapon Components";
			sourceTree = "<group>";
		};
		5BD524A91D4D615E00D749C3 /* Weapons */ = {
			isa = PBXGroup;
			children = (
				5BB936B31D568E430015CFE6 /* PlayerWeapons.swift */,
				5BD524AA1D4D616B00D749C3 /* MinionGun.swift */,
				5BBA80761D57CA5A00CD51CD /* EnemyWeapons.swift */,
				5BBA80781D57CA6300CD51CD /* PlayerWeapon.swift */,
				5BBA807A1D57CA9200CD51CD /* Weapon Components */,
			);
			name = Weapons;
			sourceTree = "<group>";
		};
		5BF4B1ED1D452B37005C4BBD /* Models */ = {
			isa = PBXGroup;
			children = (
				5BA5AF1F1D4EBA1000192CFE /* SpawnPoint.swift */,
				5B57480B1D4C0254005EB35D /* Textures.swift */,
				5B32A27A1D3C46BA008389C5 /* Player.swift */,
				5BA7578A1D5947A20014BD82 /* ContactHandler.swift */,
				5B1C9A861D62757A0079EFF5 /* Spawner.swift */,
			);
			name = Models;
			sourceTree = "<group>";
		};
		5BF4B1EE1D452B6B005C4BBD /* Supporting */ = {
			isa = PBXGroup;
			children = (
				5B857D3B1D36F666008DE265 /* AppDelegate.swift */,
				5B857D431D36F666008DE265 /* Main.storyboard */,
				5B857D3D1D36F666008DE265 /* GameScene.sks */,
				5B857D481D36F666008DE265 /* LaunchScreen.storyboard */,
				5B857D4B1D36F666008DE265 /* Info.plist */,
				5B857D461D36F666008DE265 /* Assets.xcassets */,
			);
			name = Supporting;
			sourceTree = "<group>";
		};
		5BF4B1EF1D452B94005C4BBD /* Scenes */ = {
			isa = PBXGroup;
			children = (
				5BF4B1EB1D452B27005C4BBD /* Layers.swift */,
				5BA7578C1D596EF50014BD82 /* GameScene */,
			);
			name = Scenes;
			sourceTree = "<group>";
		};
/* End PBXGroup section */

/* Begin PBXNativeTarget section */
		5B857D371D36F666008DE265 /* SpaceGameDeluxe */ = {
			isa = PBXNativeTarget;
			buildConfigurationList = 5B857D641D36F666008DE265 /* Build configuration list for PBXNativeTarget "SpaceGameDeluxe" */;
			buildPhases = (
				5B857D341D36F666008DE265 /* Sources */,
				5B857D351D36F666008DE265 /* Frameworks */,
				5B857D361D36F666008DE265 /* Resources */,
			);
			buildRules = (
			);
			dependencies = (
			);
			name = SpaceGameDeluxe;
			productName = SpaceGameDeluxe;
			productReference = 5B857D381D36F666008DE265 /* SpaceGameDeluxe.app */;
			productType = "com.apple.product-type.application";
		};
		5B857D4F1D36F666008DE265 /* SpaceGameDeluxeTests */ = {
			isa = PBXNativeTarget;
			buildConfigurationList = 5B857D671D36F666008DE265 /* Build configuration list for PBXNativeTarget "SpaceGameDeluxeTests" */;
			buildPhases = (
				5B857D4C1D36F666008DE265 /* Sources */,
				5B857D4D1D36F666008DE265 /* Frameworks */,
				5B857D4E1D36F666008DE265 /* Resources */,
			);
			buildRules = (
			);
			dependencies = (
				5B857D521D36F666008DE265 /* PBXTargetDependency */,
			);
			name = SpaceGameDeluxeTests;
			productName = SpaceGameDeluxeTests;
			productReference = 5B857D501D36F666008DE265 /* SpaceGameDeluxeTests.xctest */;
			productType = "com.apple.product-type.bundle.unit-test";
		};
		5B857D5A1D36F666008DE265 /* SpaceGameDeluxeUITests */ = {
			isa = PBXNativeTarget;
			buildConfigurationList = 5B857D6A1D36F666008DE265 /* Build configuration list for PBXNativeTarget "SpaceGameDeluxeUITests" */;
			buildPhases = (
				5B857D571D36F666008DE265 /* Sources */,
				5B857D581D36F666008DE265 /* Frameworks */,
				5B857D591D36F666008DE265 /* Resources */,
			);
			buildRules = (
			);
			dependencies = (
				5B857D5D1D36F666008DE265 /* PBXTargetDependency */,
			);
			name = SpaceGameDeluxeUITests;
			productName = SpaceGameDeluxeUITests;
			productReference = 5B857D5B1D36F666008DE265 /* SpaceGameDeluxeUITests.xctest */;
			productType = "com.apple.product-type.bundle.ui-testing";
		};
/* End PBXNativeTarget section */

/* Begin PBXProject section */
		5B857D301D36F666008DE265 /* Project object */ = {
			isa = PBXProject;
			attributes = {
				LastSwiftUpdateCheck = 0730;
				LastUpgradeCheck = 0730;
				ORGANIZATIONNAME = "Reed Carson";
				TargetAttributes = {
					5B857D371D36F666008DE265 = {
						CreatedOnToolsVersion = 7.3;
						DevelopmentTeam = 4Q7583X6S7;
					};
					5B857D4F1D36F666008DE265 = {
						CreatedOnToolsVersion = 7.3;
						TestTargetID = 5B857D371D36F666008DE265;
					};
					5B857D5A1D36F666008DE265 = {
						CreatedOnToolsVersion = 7.3;
						TestTargetID = 5B857D371D36F666008DE265;
					};
				};
			};
			buildConfigurationList = 5B857D331D36F666008DE265 /* Build configuration list for PBXProject "SpaceGameDeluxe" */;
			compatibilityVersion = "Xcode 3.2";
			developmentRegion = English;
			hasScannedForEncodings = 0;
			knownRegions = (
				en,
				Base,
			);
			mainGroup = 5B857D2F1D36F666008DE265;
			productRefGroup = 5B857D391D36F666008DE265 /* Products */;
			projectDirPath = "";
			projectRoot = "";
			targets = (
				5B857D371D36F666008DE265 /* SpaceGameDeluxe */,
				5B857D4F1D36F666008DE265 /* SpaceGameDeluxeTests */,
				5B857D5A1D36F666008DE265 /* SpaceGameDeluxeUITests */,
			);
		};
/* End PBXProject section */

/* Begin PBXResourcesBuildPhase section */
		5B857D361D36F666008DE265 /* Resources */ = {
			isa = PBXResourcesBuildPhase;
			buildActionMask = 2147483647;
			files = (
				5B857D3E1D36F666008DE265 /* GameScene.sks in Resources */,
				5B857D4A1D36F666008DE265 /* LaunchScreen.storyboard in Resources */,
				5B857D471D36F666008DE265 /* Assets.xcassets in Resources */,
				5B857D451D36F666008DE265 /* Main.storyboard in Resources */,
			);
			runOnlyForDeploymentPostprocessing = 0;
		};
		5B857D4E1D36F666008DE265 /* Resources */ = {
			isa = PBXResourcesBuildPhase;
			buildActionMask = 2147483647;
			files = (
			);
			runOnlyForDeploymentPostprocessing = 0;
		};
		5B857D591D36F666008DE265 /* Resources */ = {
			isa = PBXResourcesBuildPhase;
			buildActionMask = 2147483647;
			files = (
			);
			runOnlyForDeploymentPostprocessing = 0;
		};
/* End PBXResourcesBuildPhase section */

/* Begin PBXSourcesBuildPhase section */
		5B857D341D36F666008DE265 /* Sources */ = {
			isa = PBXSourcesBuildPhase;
			buildActionMask = 2147483647;
			files = (
				5BD2FA661D52A029001DF146 /* playground.swift in Sources */,
				5B6528351D510F9700AE2189 /* Attacker.swift in Sources */,
				5B857D401D36F666008DE265 /* GameScene.swift in Sources */,
				5B32A2791D3C45A9008389C5 /* Stats.swift in Sources */,
				5BA7578B1D5947A20014BD82 /* ContactHandler.swift in Sources */,
				5B32A27D1D3C46DB008389C5 /* Weapon.swift in Sources */,
				5BDCDAF81D402D1D00DF7DFF /* RandomNumbers.swift in Sources */,
				5BA7578E1D596F030014BD82 /* PhysicsBoundary.swift in Sources */,
				5BA5AF201D4EBA1000192CFE /* SpawnPoint.swift in Sources */,
				5B0CD1B01D51778C00DDBA17 /* Projectiles.swift in Sources */,
				5B857D421D36F666008DE265 /* GameViewController.swift in Sources */,
				5B57480A1D4C022F005EB35D /* Minion.swift in Sources */,
				5B32A2811D3C4727008389C5 /* Enemies.swift in Sources */,
				5B6528331D5065DA00AE2189 /* WeaponType.swift in Sources */,
				5BB936B21D568D5D0015CFE6 /* FiringPattern.swift in Sources */,
				5B1C9A871D62757A0079EFF5 /* Spawner.swift in Sources */,
				5B857D3C1D36F666008DE265 /* AppDelegate.swift in Sources */,
				5BB457511D5E90C40008E82F /* SceneComponent.swift in Sources */,
				5B6528311D50643200AE2189 /* Destructable.swift in Sources */,
				5BF4B1EC1D452B27005C4BBD /* Layers.swift in Sources */,
				5B0F8C561D5E66B700D0C867 /* SpritePattern.swift in Sources */,
				5B0BE4AF1D4FFB50008DBD6C /* Mine.swift in Sources */,
				5BBA80771D57CA5A00CD51CD /* EnemyWeapons.swift in Sources */,
				5BA5AF1A1D4E6F8A00192CFE /* Behavior.swift in Sources */,
				5BB936B41D568E430015CFE6 /* PlayerWeapons.swift in Sources */,
				5BBA80791D57CA6300CD51CD /* PlayerWeapon.swift in Sources */,
				5B57480C1D4C0254005EB35D /* Textures.swift in Sources */,
				5BDCDAF61D40209800DF7DFF /* Timer.swift in Sources */,
				5B1C9A891D62772B0079EFF5 /* BasicJet.swift in Sources */,
				5BD524AB1D4D616B00D749C3 /* MinionGun.swift in Sources */,
				5B32A27B1D3C46BA008389C5 /* Player.swift in Sources */,
				5BA5AF1C1D4EA1A000192CFE /* ScenePatterns.swift in Sources */,
				5B32A27F1D3C4700008389C5 /* Protocols.swift in Sources */,
				5B57480E1D4C0BD0005EB35D /* Extensions.swift in Sources */,
			);
			runOnlyForDeploymentPostprocessing = 0;
		};
		5B857D4C1D36F666008DE265 /* Sources */ = {
			isa = PBXSourcesBuildPhase;
			buildActionMask = 2147483647;
			files = (
				5B857D551D36F666008DE265 /* SpaceGameDeluxeTests.swift in Sources */,
			);
			runOnlyForDeploymentPostprocessing = 0;
		};
		5B857D571D36F666008DE265 /* Sources */ = {
			isa = PBXSourcesBuildPhase;
			buildActionMask = 2147483647;
			files = (
				5B857D601D36F666008DE265 /* SpaceGameDeluxeUITests.swift in Sources */,
			);
			runOnlyForDeploymentPostprocessing = 0;
		};
/* End PBXSourcesBuildPhase section */

/* Begin PBXTargetDependency section */
		5B857D521D36F666008DE265 /* PBXTargetDependency */ = {
			isa = PBXTargetDependency;
			target = 5B857D371D36F666008DE265 /* SpaceGameDeluxe */;
			targetProxy = 5B857D511D36F666008DE265 /* PBXContainerItemProxy */;
		};
		5B857D5D1D36F666008DE265 /* PBXTargetDependency */ = {
			isa = PBXTargetDependency;
			target = 5B857D371D36F666008DE265 /* SpaceGameDeluxe */;
			targetProxy = 5B857D5C1D36F666008DE265 /* PBXContainerItemProxy */;
		};
/* End PBXTargetDependency section */

/* Begin PBXVariantGroup section */
		5B857D431D36F666008DE265 /* Main.storyboard */ = {
			isa = PBXVariantGroup;
			children = (
				5B857D441D36F666008DE265 /* Base */,
			);
			name = Main.storyboard;
			sourceTree = "<group>";
		};
		5B857D481D36F666008DE265 /* LaunchScreen.storyboard */ = {
			isa = PBXVariantGroup;
			children = (
				5B857D491D36F666008DE265 /* Base */,
			);
			name = LaunchScreen.storyboard;
			sourceTree = "<group>";
		};
/* End PBXVariantGroup section */

/* Begin XCBuildConfiguration section */
		5B857D621D36F666008DE265 /* Debug */ = {
			isa = XCBuildConfiguration;
			buildSettings = {
				ALWAYS_SEARCH_USER_PATHS = NO;
				CLANG_ANALYZER_NONNULL = YES;
				CLANG_CXX_LANGUAGE_STANDARD = "gnu++0x";
				CLANG_CXX_LIBRARY = "libc++";
				CLANG_ENABLE_MODULES = YES;
				CLANG_ENABLE_OBJC_ARC = YES;
				CLANG_WARN_BOOL_CONVERSION = YES;
				CLANG_WARN_CONSTANT_CONVERSION = YES;
				CLANG_WARN_DIRECT_OBJC_ISA_USAGE = YES_ERROR;
				CLANG_WARN_EMPTY_BODY = YES;
				CLANG_WARN_ENUM_CONVERSION = YES;
				CLANG_WARN_INT_CONVERSION = YES;
				CLANG_WARN_OBJC_ROOT_CLASS = YES_ERROR;
				CLANG_WARN_UNREACHABLE_CODE = YES;
				CLANG_WARN__DUPLICATE_METHOD_MATCH = YES;
				"CODE_SIGN_IDENTITY[sdk=iphoneos*]" = "iPhone Developer";
				COPY_PHASE_STRIP = NO;
				DEBUG_INFORMATION_FORMAT = "dwarf-with-dsym";
				ENABLE_STRICT_OBJC_MSGSEND = YES;
				ENABLE_TESTABILITY = YES;
				GCC_C_LANGUAGE_STANDARD = gnu99;
				GCC_DYNAMIC_NO_PIC = NO;
				GCC_NO_COMMON_BLOCKS = YES;
				GCC_OPTIMIZATION_LEVEL = 0;
				GCC_PREPROCESSOR_DEFINITIONS = (
					"DEBUG=1",
					"$(inherited)",
				);
				GCC_WARN_64_TO_32_BIT_CONVERSION = YES;
				GCC_WARN_ABOUT_RETURN_TYPE = YES_ERROR;
				GCC_WARN_UNDECLARED_SELECTOR = YES;
				GCC_WARN_UNINITIALIZED_AUTOS = YES_AGGRESSIVE;
				GCC_WARN_UNUSED_FUNCTION = YES;
				GCC_WARN_UNUSED_VARIABLE = YES;
				IPHONEOS_DEPLOYMENT_TARGET = 9.3;
				MTL_ENABLE_DEBUG_INFO = YES;
				ONLY_ACTIVE_ARCH = YES;
				SDKROOT = iphoneos;
				SWIFT_OPTIMIZATION_LEVEL = "-Onone";
			};
			name = Debug;
		};
		5B857D631D36F666008DE265 /* Release */ = {
			isa = XCBuildConfiguration;
			buildSettings = {
				ALWAYS_SEARCH_USER_PATHS = NO;
				CLANG_ANALYZER_NONNULL = YES;
				CLANG_CXX_LANGUAGE_STANDARD = "gnu++0x";
				CLANG_CXX_LIBRARY = "libc++";
				CLANG_ENABLE_MODULES = YES;
				CLANG_ENABLE_OBJC_ARC = YES;
				CLANG_WARN_BOOL_CONVERSION = YES;
				CLANG_WARN_CONSTANT_CONVERSION = YES;
				CLANG_WARN_DIRECT_OBJC_ISA_USAGE = YES_ERROR;
				CLANG_WARN_EMPTY_BODY = YES;
				CLANG_WARN_ENUM_CONVERSION = YES;
				CLANG_WARN_INT_CONVERSION = YES;
				CLANG_WARN_OBJC_ROOT_CLASS = YES_ERROR;
				CLANG_WARN_UNREACHABLE_CODE = YES;
				CLANG_WARN__DUPLICATE_METHOD_MATCH = YES;
				"CODE_SIGN_IDENTITY[sdk=iphoneos*]" = "iPhone Developer";
				COPY_PHASE_STRIP = NO;
				DEBUG_INFORMATION_FORMAT = "dwarf-with-dsym";
				ENABLE_NS_ASSERTIONS = NO;
				ENABLE_STRICT_OBJC_MSGSEND = YES;
				GCC_C_LANGUAGE_STANDARD = gnu99;
				GCC_NO_COMMON_BLOCKS = YES;
				GCC_WARN_64_TO_32_BIT_CONVERSION = YES;
				GCC_WARN_ABOUT_RETURN_TYPE = YES_ERROR;
				GCC_WARN_UNDECLARED_SELECTOR = YES;
				GCC_WARN_UNINITIALIZED_AUTOS = YES_AGGRESSIVE;
				GCC_WARN_UNUSED_FUNCTION = YES;
				GCC_WARN_UNUSED_VARIABLE = YES;
				IPHONEOS_DEPLOYMENT_TARGET = 9.3;
				MTL_ENABLE_DEBUG_INFO = NO;
				SDKROOT = iphoneos;
				VALIDATE_PRODUCT = YES;
			};
			name = Release;
		};
		5B857D651D36F666008DE265 /* Debug */ = {
			isa = XCBuildConfiguration;
			buildSettings = {
				ASSETCATALOG_COMPILER_APPICON_NAME = AppIcon;
				CODE_SIGN_IDENTITY = "iPhone Developer";
				"CODE_SIGN_IDENTITY[sdk=iphoneos*]" = "iPhone Developer";
				INFOPLIST_FILE = SpaceGameDeluxe/Info.plist;
				LD_RUNPATH_SEARCH_PATHS = "$(inherited) @executable_path/Frameworks";
				PRODUCT_BUNDLE_IDENTIFIER = com.rpcarson.SpaceGameDeluxe;
				PRODUCT_NAME = "$(TARGET_NAME)";
				PROVISIONING_PROFILE = "";
			};
			name = Debug;
		};
		5B857D661D36F666008DE265 /* Release */ = {
			isa = XCBuildConfiguration;
			buildSettings = {
				ASSETCATALOG_COMPILER_APPICON_NAME = AppIcon;
				CODE_SIGN_IDENTITY = "iPhone Developer";
				"CODE_SIGN_IDENTITY[sdk=iphoneos*]" = "iPhone Developer";
				INFOPLIST_FILE = SpaceGameDeluxe/Info.plist;
				LD_RUNPATH_SEARCH_PATHS = "$(inherited) @executable_path/Frameworks";
				PRODUCT_BUNDLE_IDENTIFIER = com.rpcarson.SpaceGameDeluxe;
				PRODUCT_NAME = "$(TARGET_NAME)";
				PROVISIONING_PROFILE = "";
			};
			name = Release;
		};
		5B857D681D36F666008DE265 /* Debug */ = {
			isa = XCBuildConfiguration;
			buildSettings = {
				BUNDLE_LOADER = "$(TEST_HOST)";
				DEBUG_INFORMATION_FORMAT = dwarf;
				INFOPLIST_FILE = SpaceGameDeluxeTests/Info.plist;
				LD_RUNPATH_SEARCH_PATHS = "$(inherited) @executable_path/Frameworks @loader_path/Frameworks";
				PRODUCT_BUNDLE_IDENTIFIER = com.rpcarson.SpaceGameDeluxeTests;
				PRODUCT_NAME = "$(TARGET_NAME)";
				TEST_HOST = "$(BUILT_PRODUCTS_DIR)/SpaceGameDeluxe.app/SpaceGameDeluxe";
			};
			name = Debug;
		};
		5B857D691D36F666008DE265 /* Release */ = {
			isa = XCBuildConfiguration;
			buildSettings = {
				BUNDLE_LOADER = "$(TEST_HOST)";
				INFOPLIST_FILE = SpaceGameDeluxeTests/Info.plist;
				LD_RUNPATH_SEARCH_PATHS = "$(inherited) @executable_path/Frameworks @loader_path/Frameworks";
				PRODUCT_BUNDLE_IDENTIFIER = com.rpcarson.SpaceGameDeluxeTests;
				PRODUCT_NAME = "$(TARGET_NAME)";
				TEST_HOST = "$(BUILT_PRODUCTS_DIR)/SpaceGameDeluxe.app/SpaceGameDeluxe";
			};
			name = Release;
		};
		5B857D6B1D36F666008DE265 /* Debug */ = {
			isa = XCBuildConfiguration;
			buildSettings = {
				DEBUG_INFORMATION_FORMAT = dwarf;
				INFOPLIST_FILE = SpaceGameDeluxeUITests/Info.plist;
				LD_RUNPATH_SEARCH_PATHS = "$(inherited) @executable_path/Frameworks @loader_path/Frameworks";
				PRODUCT_BUNDLE_IDENTIFIER = com.rpcarson.SpaceGameDeluxeUITests;
				PRODUCT_NAME = "$(TARGET_NAME)";
				TEST_TARGET_NAME = SpaceGameDeluxe;
			};
			name = Debug;
		};
		5B857D6C1D36F666008DE265 /* Release */ = {
			isa = XCBuildConfiguration;
			buildSettings = {
				INFOPLIST_FILE = SpaceGameDeluxeUITests/Info.plist;
				LD_RUNPATH_SEARCH_PATHS = "$(inherited) @executable_path/Frameworks @loader_path/Frameworks";
				PRODUCT_BUNDLE_IDENTIFIER = com.rpcarson.SpaceGameDeluxeUITests;
				PRODUCT_NAME = "$(TARGET_NAME)";
				TEST_TARGET_NAME = SpaceGameDeluxe;
			};
			name = Release;
		};
/* End XCBuildConfiguration section */

/* Begin XCConfigurationList section */
		5B857D331D36F666008DE265 /* Build configuration list for PBXProject "SpaceGameDeluxe" */ = {
			isa = XCConfigurationList;
			buildConfigurations = (
				5B857D621D36F666008DE265 /* Debug */,
				5B857D631D36F666008DE265 /* Release */,
			);
			defaultConfigurationIsVisible = 0;
			defaultConfigurationName = Release;
		};
		5B857D641D36F666008DE265 /* Build configuration list for PBXNativeTarget "SpaceGameDeluxe" */ = {
			isa = XCConfigurationList;
			buildConfigurations = (
				5B857D651D36F666008DE265 /* Debug */,
				5B857D661D36F666008DE265 /* Release */,
			);
			defaultConfigurationIsVisible = 0;
			defaultConfigurationName = Release;
		};
		5B857D671D36F666008DE265 /* Build configuration list for PBXNativeTarget "SpaceGameDeluxeTests" */ = {
			isa = XCConfigurationList;
			buildConfigurations = (
				5B857D681D36F666008DE265 /* Debug */,
				5B857D691D36F666008DE265 /* Release */,
			);
			defaultConfigurationIsVisible = 0;
			defaultConfigurationName = Release;
		};
		5B857D6A1D36F666008DE265 /* Build configuration list for PBXNativeTarget "SpaceGameDeluxeUITests" */ = {
			isa = XCConfigurationList;
			buildConfigurations = (
				5B857D6B1D36F666008DE265 /* Debug */,
				5B857D6C1D36F666008DE265 /* Release */,
			);
			defaultConfigurationIsVisible = 0;
			defaultConfigurationName = Release;
		};
/* End XCConfigurationList section */
	};
	rootObject = 5B857D301D36F666008DE265 /* Project object */;
}
